// !$*UTF8*$!
{
	archiveVersion = 1;
	classes = {
	};
	objectVersion = 50;
	objects = {

/* Begin PBXBuildFile section */
		690B029FEA2D014E8FE9492E /* Pods_MovieBrowserTests.framework in Frameworks */ = {isa = PBXBuildFile; fileRef = 6315CED5984ABC4D3A808332 /* Pods_MovieBrowserTests.framework */; };
		98115E3AAB844E1E960CF209 /* Pods_MovieBrowser.framework in Frameworks */ = {isa = PBXBuildFile; fileRef = 71C745683F95966F47161A87 /* Pods_MovieBrowser.framework */; };
		9B94F844E9B1F2FDBF83A8C0 /* Pods_MovieBrowserUITests.framework in Frameworks */ = {isa = PBXBuildFile; fileRef = 2693C0835F76B0955873CAB8 /* Pods_MovieBrowserUITests.framework */; };
		CA59D1572243DB2C0021B1DF /* AppDelegate.swift in Sources */ = {isa = PBXBuildFile; fileRef = CA59D1562243DB2C0021B1DF /* AppDelegate.swift */; };
		CA59D15E2243DB2E0021B1DF /* Assets.xcassets in Resources */ = {isa = PBXBuildFile; fileRef = CA59D15D2243DB2E0021B1DF /* Assets.xcassets */; };
		CA59D1612243DB2E0021B1DF /* LaunchScreen.storyboard in Resources */ = {isa = PBXBuildFile; fileRef = CA59D15F2243DB2E0021B1DF /* LaunchScreen.storyboard */; };
		CA59D16C2243DB2E0021B1DF /* MovieBrowserTests.swift in Sources */ = {isa = PBXBuildFile; fileRef = CA59D16B2243DB2E0021B1DF /* MovieBrowserTests.swift */; };
		CA59D1772243DB2E0021B1DF /* MovieBrowserUITests.swift in Sources */ = {isa = PBXBuildFile; fileRef = CA59D1762243DB2E0021B1DF /* MovieBrowserUITests.swift */; };
		CAC574632246329900593B26 /* LoginVM.swift in Sources */ = {isa = PBXBuildFile; fileRef = CAC574622246329900593B26 /* LoginVM.swift */; };
		CAC574662246333200593B26 /* AuthRepository.swift in Sources */ = {isa = PBXBuildFile; fileRef = CAC574652246333200593B26 /* AuthRepository.swift */; };
		CAC57469224633CA00593B26 /* DatabaseManager.swift in Sources */ = {isa = PBXBuildFile; fileRef = CAC57468224633CA00593B26 /* DatabaseManager.swift */; };
		CAC574712246346300593B26 /* RealmExtensions.swift in Sources */ = {isa = PBXBuildFile; fileRef = CAC5746B2246346200593B26 /* RealmExtensions.swift */; };
		CAC574722246346300593B26 /* RxExtensions.swift in Sources */ = {isa = PBXBuildFile; fileRef = CAC5746C2246346200593B26 /* RxExtensions.swift */; };
		CAC574732246346300593B26 /* TableViewExtensions.swift in Sources */ = {isa = PBXBuildFile; fileRef = CAC5746D2246346300593B26 /* TableViewExtensions.swift */; };
		CAC574742246346300593B26 /* StringExtensions.swift in Sources */ = {isa = PBXBuildFile; fileRef = CAC5746E2246346300593B26 /* StringExtensions.swift */; };
		CAC574752246346300593B26 /* ViewControllerExtensions.swift in Sources */ = {isa = PBXBuildFile; fileRef = CAC5746F2246346300593B26 /* ViewControllerExtensions.swift */; };
		CAC574782246351700593B26 /* Screen.swift in Sources */ = {isa = PBXBuildFile; fileRef = CAC574772246351700593B26 /* Screen.swift */; };
		CAC5747D224636EC00593B26 /* AuthService.swift in Sources */ = {isa = PBXBuildFile; fileRef = CAC5747C224636EC00593B26 /* AuthService.swift */; };
		CAC574802246371000593B26 /* BaseStorage.swift in Sources */ = {isa = PBXBuildFile; fileRef = CAC5747E2246371000593B26 /* BaseStorage.swift */; };
		CAC574812246371000593B26 /* BaseService.swift in Sources */ = {isa = PBXBuildFile; fileRef = CAC5747F2246371000593B26 /* BaseService.swift */; };
		CAC574842246374800593B26 /* AuthStorage.swift in Sources */ = {isa = PBXBuildFile; fileRef = CAC574832246374800593B26 /* AuthStorage.swift */; };
		CAC57486224638B300593B26 /* UserDefaultsHelper.swift in Sources */ = {isa = PBXBuildFile; fileRef = CAC57485224638B300593B26 /* UserDefaultsHelper.swift */; };
		CAC5748822463BA900593B26 /* TokenResponse.swift in Sources */ = {isa = PBXBuildFile; fileRef = CAC5748722463BA900593B26 /* TokenResponse.swift */; };
		CAC5748A22463C2000593B26 /* BaseResponse.swift in Sources */ = {isa = PBXBuildFile; fileRef = CAC5748922463C2000593B26 /* BaseResponse.swift */; };
		CAC79BF12244CC0B007CFD38 /* SwipeVC.swift in Sources */ = {isa = PBXBuildFile; fileRef = CAC79BEF2244CC0B007CFD38 /* SwipeVC.swift */; };
		CAC79BF22244CC0B007CFD38 /* SwipeVC.xib in Resources */ = {isa = PBXBuildFile; fileRef = CAC79BF02244CC0B007CFD38 /* SwipeVC.xib */; };
		CAC79BFC2244FD20007CFD38 /* MovieSlide.swift in Sources */ = {isa = PBXBuildFile; fileRef = CAC79BFB2244FD20007CFD38 /* MovieSlide.swift */; };
		CAC79BFE2244FD95007CFD38 /* MovieSlide.xib in Resources */ = {isa = PBXBuildFile; fileRef = CAC79BFD2244FD95007CFD38 /* MovieSlide.xib */; };
		CAC79C0022451C5E007CFD38 /* Constants.swift in Sources */ = {isa = PBXBuildFile; fileRef = CAC79BFF22451C5E007CFD38 /* Constants.swift */; };
		CAC79C0222451C8C007CFD38 /* Colors.swift in Sources */ = {isa = PBXBuildFile; fileRef = CAC79C0122451C8C007CFD38 /* Colors.swift */; };
		CAC79C0A22452717007CFD38 /* ApiEndpoint.swift in Sources */ = {isa = PBXBuildFile; fileRef = CAC79C0922452717007CFD38 /* ApiEndpoint.swift */; };
		CAC79C0C2245296C007CFD38 /* Keys.plist in Resources */ = {isa = PBXBuildFile; fileRef = CAC79C0B2245296C007CFD38 /* Keys.plist */; };
		CAE424DF224576F4005F8158 /* LoginRequest.swift in Sources */ = {isa = PBXBuildFile; fileRef = CAE424DE224576F4005F8158 /* LoginRequest.swift */; };
		CAE424E122457CA2005F8158 /* Network.swift in Sources */ = {isa = PBXBuildFile; fileRef = CAE424E022457CA2005F8158 /* Network.swift */; };
		CAE424E92245826C005F8158 /* ViewModelContainter.swift in Sources */ = {isa = PBXBuildFile; fileRef = CAE424E62245826B005F8158 /* ViewModelContainter.swift */; };
		CAE424EA2245826C005F8158 /* SingletonContainer.swift in Sources */ = {isa = PBXBuildFile; fileRef = CAE424E72245826C005F8158 /* SingletonContainer.swift */; };
		CAE424EB2245826C005F8158 /* ViewControllerContainer.swift in Sources */ = {isa = PBXBuildFile; fileRef = CAE424E82245826C005F8158 /* ViewControllerContainer.swift */; };
		CAE424EE224583CB005F8158 /* LoginVC.swift in Sources */ = {isa = PBXBuildFile; fileRef = CAE424EC224583CB005F8158 /* LoginVC.swift */; };
		CAE424EF224583CB005F8158 /* LoginVC.xib in Resources */ = {isa = PBXBuildFile; fileRef = CAE424ED224583CB005F8158 /* LoginVC.xib */; };
		CAE424F6224584B3005F8158 /* BaseViewController.swift in Sources */ = {isa = PBXBuildFile; fileRef = CAE424F5224584B3005F8158 /* BaseViewController.swift */; };
		CAE424FD224584E8005F8158 /* ReusableCell.swift in Sources */ = {isa = PBXBuildFile; fileRef = CAE424F8224584E7005F8158 /* ReusableCell.swift */; };
		CAE424FE224584E8005F8158 /* ViewModelType.swift in Sources */ = {isa = PBXBuildFile; fileRef = CAE424F9224584E7005F8158 /* ViewModelType.swift */; };
		CAE424FF224584E8005F8158 /* Persistable.swift in Sources */ = {isa = PBXBuildFile; fileRef = CAE424FA224584E8005F8158 /* Persistable.swift */; };
		CAE42500224584E8005F8158 /* DomainData.swift in Sources */ = {isa = PBXBuildFile; fileRef = CAE424FB224584E8005F8158 /* DomainData.swift */; };
		CAE4250322458563005F8158 /* UIResult.swift in Sources */ = {isa = PBXBuildFile; fileRef = CAE4250222458563005F8158 /* UIResult.swift */; };
/* End PBXBuildFile section */

/* Begin PBXContainerItemProxy section */
		CA59D1682243DB2E0021B1DF /* PBXContainerItemProxy */ = {
			isa = PBXContainerItemProxy;
			containerPortal = CA59D14B2243DB2C0021B1DF /* Project object */;
			proxyType = 1;
			remoteGlobalIDString = CA59D1522243DB2C0021B1DF;
			remoteInfo = MovieBrowser;
		};
		CA59D1732243DB2E0021B1DF /* PBXContainerItemProxy */ = {
			isa = PBXContainerItemProxy;
			containerPortal = CA59D14B2243DB2C0021B1DF /* Project object */;
			proxyType = 1;
			remoteGlobalIDString = CA59D1522243DB2C0021B1DF;
			remoteInfo = MovieBrowser;
		};
/* End PBXContainerItemProxy section */

/* Begin PBXFileReference section */
		0FBB80782B1AAACC9984782B /* Pods-MovieBrowserUITests.debug.xcconfig */ = {isa = PBXFileReference; includeInIndex = 1; lastKnownFileType = text.xcconfig; name = "Pods-MovieBrowserUITests.debug.xcconfig"; path = "Target Support Files/Pods-MovieBrowserUITests/Pods-MovieBrowserUITests.debug.xcconfig"; sourceTree = "<group>"; };
		110D34342134CD54236F7903 /* Pods-MovieBrowser.release.xcconfig */ = {isa = PBXFileReference; includeInIndex = 1; lastKnownFileType = text.xcconfig; name = "Pods-MovieBrowser.release.xcconfig"; path = "Target Support Files/Pods-MovieBrowser/Pods-MovieBrowser.release.xcconfig"; sourceTree = "<group>"; };
		2693C0835F76B0955873CAB8 /* Pods_MovieBrowserUITests.framework */ = {isa = PBXFileReference; explicitFileType = wrapper.framework; includeInIndex = 0; path = Pods_MovieBrowserUITests.framework; sourceTree = BUILT_PRODUCTS_DIR; };
		6315CED5984ABC4D3A808332 /* Pods_MovieBrowserTests.framework */ = {isa = PBXFileReference; explicitFileType = wrapper.framework; includeInIndex = 0; path = Pods_MovieBrowserTests.framework; sourceTree = BUILT_PRODUCTS_DIR; };
		694670BDB50FA9E0690BB4DB /* Pods-MovieBrowserUITests.release.xcconfig */ = {isa = PBXFileReference; includeInIndex = 1; lastKnownFileType = text.xcconfig; name = "Pods-MovieBrowserUITests.release.xcconfig"; path = "Target Support Files/Pods-MovieBrowserUITests/Pods-MovieBrowserUITests.release.xcconfig"; sourceTree = "<group>"; };
		71C745683F95966F47161A87 /* Pods_MovieBrowser.framework */ = {isa = PBXFileReference; explicitFileType = wrapper.framework; includeInIndex = 0; path = Pods_MovieBrowser.framework; sourceTree = BUILT_PRODUCTS_DIR; };
		A4A9CE6FF246D0B0E298CD34 /* Pods-MovieBrowser.debug.xcconfig */ = {isa = PBXFileReference; includeInIndex = 1; lastKnownFileType = text.xcconfig; name = "Pods-MovieBrowser.debug.xcconfig"; path = "Target Support Files/Pods-MovieBrowser/Pods-MovieBrowser.debug.xcconfig"; sourceTree = "<group>"; };
		AEE6DE00E3F0E7B31680DBB6 /* Pods-MovieBrowserTests.release.xcconfig */ = {isa = PBXFileReference; includeInIndex = 1; lastKnownFileType = text.xcconfig; name = "Pods-MovieBrowserTests.release.xcconfig"; path = "Target Support Files/Pods-MovieBrowserTests/Pods-MovieBrowserTests.release.xcconfig"; sourceTree = "<group>"; };
		B6C4EC10AB6EBE5C0D171F07 /* Pods-MovieBrowserTests.debug.xcconfig */ = {isa = PBXFileReference; includeInIndex = 1; lastKnownFileType = text.xcconfig; name = "Pods-MovieBrowserTests.debug.xcconfig"; path = "Target Support Files/Pods-MovieBrowserTests/Pods-MovieBrowserTests.debug.xcconfig"; sourceTree = "<group>"; };
		CA59D1532243DB2C0021B1DF /* MovieBrowser.app */ = {isa = PBXFileReference; explicitFileType = wrapper.application; includeInIndex = 0; path = MovieBrowser.app; sourceTree = BUILT_PRODUCTS_DIR; };
		CA59D1562243DB2C0021B1DF /* AppDelegate.swift */ = {isa = PBXFileReference; lastKnownFileType = sourcecode.swift; path = AppDelegate.swift; sourceTree = "<group>"; };
		CA59D15D2243DB2E0021B1DF /* Assets.xcassets */ = {isa = PBXFileReference; lastKnownFileType = folder.assetcatalog; path = Assets.xcassets; sourceTree = "<group>"; };
		CA59D1602243DB2E0021B1DF /* Base */ = {isa = PBXFileReference; lastKnownFileType = file.storyboard; name = Base; path = Base.lproj/LaunchScreen.storyboard; sourceTree = "<group>"; };
		CA59D1622243DB2E0021B1DF /* Info.plist */ = {isa = PBXFileReference; lastKnownFileType = text.plist.xml; path = Info.plist; sourceTree = "<group>"; };
		CA59D1672243DB2E0021B1DF /* MovieBrowserTests.xctest */ = {isa = PBXFileReference; explicitFileType = wrapper.cfbundle; includeInIndex = 0; path = MovieBrowserTests.xctest; sourceTree = BUILT_PRODUCTS_DIR; };
		CA59D16B2243DB2E0021B1DF /* MovieBrowserTests.swift */ = {isa = PBXFileReference; lastKnownFileType = sourcecode.swift; path = MovieBrowserTests.swift; sourceTree = "<group>"; };
		CA59D16D2243DB2E0021B1DF /* Info.plist */ = {isa = PBXFileReference; lastKnownFileType = text.plist.xml; path = Info.plist; sourceTree = "<group>"; };
		CA59D1722243DB2E0021B1DF /* MovieBrowserUITests.xctest */ = {isa = PBXFileReference; explicitFileType = wrapper.cfbundle; includeInIndex = 0; path = MovieBrowserUITests.xctest; sourceTree = BUILT_PRODUCTS_DIR; };
		CA59D1762243DB2E0021B1DF /* MovieBrowserUITests.swift */ = {isa = PBXFileReference; lastKnownFileType = sourcecode.swift; path = MovieBrowserUITests.swift; sourceTree = "<group>"; };
		CA59D1782243DB2E0021B1DF /* Info.plist */ = {isa = PBXFileReference; lastKnownFileType = text.plist.xml; path = Info.plist; sourceTree = "<group>"; };
		CAC574622246329900593B26 /* LoginVM.swift */ = {isa = PBXFileReference; lastKnownFileType = sourcecode.swift; path = LoginVM.swift; sourceTree = "<group>"; };
		CAC574652246333200593B26 /* AuthRepository.swift */ = {isa = PBXFileReference; lastKnownFileType = sourcecode.swift; path = AuthRepository.swift; sourceTree = "<group>"; };
		CAC57468224633CA00593B26 /* DatabaseManager.swift */ = {isa = PBXFileReference; fileEncoding = 4; lastKnownFileType = sourcecode.swift; path = DatabaseManager.swift; sourceTree = "<group>"; };
		CAC5746B2246346200593B26 /* RealmExtensions.swift */ = {isa = PBXFileReference; fileEncoding = 4; lastKnownFileType = sourcecode.swift; path = RealmExtensions.swift; sourceTree = "<group>"; };
		CAC5746C2246346200593B26 /* RxExtensions.swift */ = {isa = PBXFileReference; fileEncoding = 4; lastKnownFileType = sourcecode.swift; path = RxExtensions.swift; sourceTree = "<group>"; };
		CAC5746D2246346300593B26 /* TableViewExtensions.swift */ = {isa = PBXFileReference; fileEncoding = 4; lastKnownFileType = sourcecode.swift; path = TableViewExtensions.swift; sourceTree = "<group>"; };
		CAC5746E2246346300593B26 /* StringExtensions.swift */ = {isa = PBXFileReference; fileEncoding = 4; lastKnownFileType = sourcecode.swift; path = StringExtensions.swift; sourceTree = "<group>"; };
		CAC5746F2246346300593B26 /* ViewControllerExtensions.swift */ = {isa = PBXFileReference; fileEncoding = 4; lastKnownFileType = sourcecode.swift; path = ViewControllerExtensions.swift; sourceTree = "<group>"; };
		CAC574772246351700593B26 /* Screen.swift */ = {isa = PBXFileReference; fileEncoding = 4; lastKnownFileType = sourcecode.swift; path = Screen.swift; sourceTree = "<group>"; };
		CAC5747C224636EC00593B26 /* AuthService.swift */ = {isa = PBXFileReference; lastKnownFileType = sourcecode.swift; path = AuthService.swift; sourceTree = "<group>"; };
		CAC5747E2246371000593B26 /* BaseStorage.swift */ = {isa = PBXFileReference; fileEncoding = 4; lastKnownFileType = sourcecode.swift; path = BaseStorage.swift; sourceTree = "<group>"; };
		CAC5747F2246371000593B26 /* BaseService.swift */ = {isa = PBXFileReference; fileEncoding = 4; lastKnownFileType = sourcecode.swift; path = BaseService.swift; sourceTree = "<group>"; };
		CAC574832246374800593B26 /* AuthStorage.swift */ = {isa = PBXFileReference; lastKnownFileType = sourcecode.swift; path = AuthStorage.swift; sourceTree = "<group>"; };
		CAC57485224638B300593B26 /* UserDefaultsHelper.swift */ = {isa = PBXFileReference; lastKnownFileType = sourcecode.swift; path = UserDefaultsHelper.swift; sourceTree = "<group>"; };
		CAC5748722463BA900593B26 /* TokenResponse.swift */ = {isa = PBXFileReference; lastKnownFileType = sourcecode.swift; path = TokenResponse.swift; sourceTree = "<group>"; };
		CAC5748922463C2000593B26 /* BaseResponse.swift */ = {isa = PBXFileReference; lastKnownFileType = sourcecode.swift; path = BaseResponse.swift; sourceTree = "<group>"; };
		CAC79BEF2244CC0B007CFD38 /* SwipeVC.swift */ = {isa = PBXFileReference; lastKnownFileType = sourcecode.swift; path = SwipeVC.swift; sourceTree = "<group>"; };
		CAC79BF02244CC0B007CFD38 /* SwipeVC.xib */ = {isa = PBXFileReference; lastKnownFileType = file.xib; path = SwipeVC.xib; sourceTree = "<group>"; };
		CAC79BFB2244FD20007CFD38 /* MovieSlide.swift */ = {isa = PBXFileReference; lastKnownFileType = sourcecode.swift; path = MovieSlide.swift; sourceTree = "<group>"; };
		CAC79BFD2244FD95007CFD38 /* MovieSlide.xib */ = {isa = PBXFileReference; lastKnownFileType = file.xib; path = MovieSlide.xib; sourceTree = "<group>"; };
		CAC79BFF22451C5E007CFD38 /* Constants.swift */ = {isa = PBXFileReference; lastKnownFileType = sourcecode.swift; path = Constants.swift; sourceTree = "<group>"; };
		CAC79C0122451C8C007CFD38 /* Colors.swift */ = {isa = PBXFileReference; lastKnownFileType = sourcecode.swift; path = Colors.swift; sourceTree = "<group>"; };
		CAC79C0922452717007CFD38 /* ApiEndpoint.swift */ = {isa = PBXFileReference; lastKnownFileType = sourcecode.swift; path = ApiEndpoint.swift; sourceTree = "<group>"; };
		CAC79C0B2245296C007CFD38 /* Keys.plist */ = {isa = PBXFileReference; lastKnownFileType = text.plist.xml; path = Keys.plist; sourceTree = "<group>"; };
		CAE424DE224576F4005F8158 /* LoginRequest.swift */ = {isa = PBXFileReference; lastKnownFileType = sourcecode.swift; path = LoginRequest.swift; sourceTree = "<group>"; };
		CAE424E022457CA2005F8158 /* Network.swift */ = {isa = PBXFileReference; lastKnownFileType = sourcecode.swift; path = Network.swift; sourceTree = "<group>"; };
		CAE424E62245826B005F8158 /* ViewModelContainter.swift */ = {isa = PBXFileReference; fileEncoding = 4; lastKnownFileType = sourcecode.swift; path = ViewModelContainter.swift; sourceTree = "<group>"; };
		CAE424E72245826C005F8158 /* SingletonContainer.swift */ = {isa = PBXFileReference; fileEncoding = 4; lastKnownFileType = sourcecode.swift; path = SingletonContainer.swift; sourceTree = "<group>"; };
		CAE424E82245826C005F8158 /* ViewControllerContainer.swift */ = {isa = PBXFileReference; fileEncoding = 4; lastKnownFileType = sourcecode.swift; path = ViewControllerContainer.swift; sourceTree = "<group>"; };
		CAE424EC224583CB005F8158 /* LoginVC.swift */ = {isa = PBXFileReference; lastKnownFileType = sourcecode.swift; path = LoginVC.swift; sourceTree = "<group>"; };
		CAE424ED224583CB005F8158 /* LoginVC.xib */ = {isa = PBXFileReference; lastKnownFileType = file.xib; path = LoginVC.xib; sourceTree = "<group>"; };
		CAE424F5224584B3005F8158 /* BaseViewController.swift */ = {isa = PBXFileReference; fileEncoding = 4; lastKnownFileType = sourcecode.swift; path = BaseViewController.swift; sourceTree = "<group>"; };
		CAE424F8224584E7005F8158 /* ReusableCell.swift */ = {isa = PBXFileReference; fileEncoding = 4; lastKnownFileType = sourcecode.swift; path = ReusableCell.swift; sourceTree = "<group>"; };
		CAE424F9224584E7005F8158 /* ViewModelType.swift */ = {isa = PBXFileReference; fileEncoding = 4; lastKnownFileType = sourcecode.swift; path = ViewModelType.swift; sourceTree = "<group>"; };
		CAE424FA224584E8005F8158 /* Persistable.swift */ = {isa = PBXFileReference; fileEncoding = 4; lastKnownFileType = sourcecode.swift; path = Persistable.swift; sourceTree = "<group>"; };
		CAE424FB224584E8005F8158 /* DomainData.swift */ = {isa = PBXFileReference; fileEncoding = 4; lastKnownFileType = sourcecode.swift; path = DomainData.swift; sourceTree = "<group>"; };
		CAE4250222458563005F8158 /* UIResult.swift */ = {isa = PBXFileReference; fileEncoding = 4; lastKnownFileType = sourcecode.swift; path = UIResult.swift; sourceTree = "<group>"; };
/* End PBXFileReference section */

/* Begin PBXFrameworksBuildPhase section */
		CA59D1502243DB2C0021B1DF /* Frameworks */ = {
			isa = PBXFrameworksBuildPhase;
			buildActionMask = 2147483647;
			files = (
				98115E3AAB844E1E960CF209 /* Pods_MovieBrowser.framework in Frameworks */,
			);
			runOnlyForDeploymentPostprocessing = 0;
		};
		CA59D1642243DB2E0021B1DF /* Frameworks */ = {
			isa = PBXFrameworksBuildPhase;
			buildActionMask = 2147483647;
			files = (
				690B029FEA2D014E8FE9492E /* Pods_MovieBrowserTests.framework in Frameworks */,
			);
			runOnlyForDeploymentPostprocessing = 0;
		};
		CA59D16F2243DB2E0021B1DF /* Frameworks */ = {
			isa = PBXFrameworksBuildPhase;
			buildActionMask = 2147483647;
			files = (
				9B94F844E9B1F2FDBF83A8C0 /* Pods_MovieBrowserUITests.framework in Frameworks */,
			);
			runOnlyForDeploymentPostprocessing = 0;
		};
/* End PBXFrameworksBuildPhase section */

/* Begin PBXGroup section */
		36FF573BB8A1DE56E01C201E /* Frameworks */ = {
			isa = PBXGroup;
			children = (
				71C745683F95966F47161A87 /* Pods_MovieBrowser.framework */,
				6315CED5984ABC4D3A808332 /* Pods_MovieBrowserTests.framework */,
				2693C0835F76B0955873CAB8 /* Pods_MovieBrowserUITests.framework */,
			);
			name = Frameworks;
			sourceTree = "<group>";
		};
		875B250BFAC2C7EAD409393D /* Pods */ = {
			isa = PBXGroup;
			children = (
				A4A9CE6FF246D0B0E298CD34 /* Pods-MovieBrowser.debug.xcconfig */,
				110D34342134CD54236F7903 /* Pods-MovieBrowser.release.xcconfig */,
				B6C4EC10AB6EBE5C0D171F07 /* Pods-MovieBrowserTests.debug.xcconfig */,
				AEE6DE00E3F0E7B31680DBB6 /* Pods-MovieBrowserTests.release.xcconfig */,
				0FBB80782B1AAACC9984782B /* Pods-MovieBrowserUITests.debug.xcconfig */,
				694670BDB50FA9E0690BB4DB /* Pods-MovieBrowserUITests.release.xcconfig */,
			);
			path = Pods;
			sourceTree = "<group>";
		};
		CA59D14A2243DB2C0021B1DF = {
			isa = PBXGroup;
			children = (
				CA59D1552243DB2C0021B1DF /* MovieBrowser */,
				CA59D16A2243DB2E0021B1DF /* MovieBrowserTests */,
				CA59D1752243DB2E0021B1DF /* MovieBrowserUITests */,
				CA59D1542243DB2C0021B1DF /* Products */,
				875B250BFAC2C7EAD409393D /* Pods */,
				36FF573BB8A1DE56E01C201E /* Frameworks */,
			);
			sourceTree = "<group>";
		};
		CA59D1542243DB2C0021B1DF /* Products */ = {
			isa = PBXGroup;
			children = (
				CA59D1532243DB2C0021B1DF /* MovieBrowser.app */,
				CA59D1672243DB2E0021B1DF /* MovieBrowserTests.xctest */,
				CA59D1722243DB2E0021B1DF /* MovieBrowserUITests.xctest */,
			);
			name = Products;
			sourceTree = "<group>";
		};
		CA59D1552243DB2C0021B1DF /* MovieBrowser */ = {
			isa = PBXGroup;
			children = (
				CAC57464224632F400593B26 /* Repository */,
				CAE424F222458416005F8158 /* Common */,
				CAE424E52245821D005F8158 /* DI */,
				CAC79C07224526FF007CFD38 /* Data */,
				CAC79C05224521E5007CFD38 /* UI */,
				CAC79C04224521DC007CFD38 /* Config */,
				CAC79C03224521C2007CFD38 /* Views */,
				CA59D1562243DB2C0021B1DF /* AppDelegate.swift */,
				CA59D15D2243DB2E0021B1DF /* Assets.xcassets */,
				CA59D15F2243DB2E0021B1DF /* LaunchScreen.storyboard */,
				CA59D1622243DB2E0021B1DF /* Info.plist */,
				CAC79C0B2245296C007CFD38 /* Keys.plist */,
			);
			path = MovieBrowser;
			sourceTree = "<group>";
		};
		CA59D16A2243DB2E0021B1DF /* MovieBrowserTests */ = {
			isa = PBXGroup;
			children = (
				CA59D16B2243DB2E0021B1DF /* MovieBrowserTests.swift */,
				CA59D16D2243DB2E0021B1DF /* Info.plist */,
			);
			path = MovieBrowserTests;
			sourceTree = "<group>";
		};
		CA59D1752243DB2E0021B1DF /* MovieBrowserUITests */ = {
			isa = PBXGroup;
			children = (
				CA59D1762243DB2E0021B1DF /* MovieBrowserUITests.swift */,
				CA59D1782243DB2E0021B1DF /* Info.plist */,
			);
			path = MovieBrowserUITests;
			sourceTree = "<group>";
		};
		CAC57464224632F400593B26 /* Repository */ = {
			isa = PBXGroup;
			children = (
				CAC574652246333200593B26 /* AuthRepository.swift */,
			);
			path = Repository;
			sourceTree = "<group>";
		};
		CAC57467224633A700593B26 /* Database */ = {
			isa = PBXGroup;
			children = (
				CAC574822246373C00593B26 /* Storage */,
				CAC5746B2246346200593B26 /* RealmExtensions.swift */,
				CAC57468224633CA00593B26 /* DatabaseManager.swift */,
			);
			path = Database;
			sourceTree = "<group>";
		};
		CAC574762246348800593B26 /* Extensions */ = {
			isa = PBXGroup;
			children = (
				CAC5746C2246346200593B26 /* RxExtensions.swift */,
				CAC5746E2246346300593B26 /* StringExtensions.swift */,
				CAC5746D2246346300593B26 /* TableViewExtensions.swift */,
				CAC5746F2246346300593B26 /* ViewControllerExtensions.swift */,
			);
			path = Extensions;
			sourceTree = "<group>";
		};
		CAC57479224635EB00593B26 /* Domain */ = {
			isa = PBXGroup;
			children = (
			);
			path = Domain;
			sourceTree = "<group>";
		};
		CAC5747A224635F200593B26 /* Persistance */ = {
			isa = PBXGroup;
			children = (
			);
			path = Persistance;
			sourceTree = "<group>";
		};
		CAC5747B224636D700593B26 /* Service */ = {
			isa = PBXGroup;
			children = (
				CAC5747C224636EC00593B26 /* AuthService.swift */,
			);
			path = Service;
			sourceTree = "<group>";
		};
		CAC574822246373C00593B26 /* Storage */ = {
			isa = PBXGroup;
			children = (
				CAC574832246374800593B26 /* AuthStorage.swift */,
			);
			path = Storage;
			sourceTree = "<group>";
		};
		CAC79C03224521C2007CFD38 /* Views */ = {
			isa = PBXGroup;
			children = (
				CAC79BFB2244FD20007CFD38 /* MovieSlide.swift */,
				CAC79BFD2244FD95007CFD38 /* MovieSlide.xib */,
			);
			path = Views;
			sourceTree = "<group>";
		};
		CAC79C04224521DC007CFD38 /* Config */ = {
			isa = PBXGroup;
			children = (
				CAC79BFF22451C5E007CFD38 /* Constants.swift */,
				CAC79C0122451C8C007CFD38 /* Colors.swift */,
			);
			path = Config;
			sourceTree = "<group>";
		};
		CAC79C05224521E5007CFD38 /* UI */ = {
			isa = PBXGroup;
			children = (
				CAE424F1224583FC005F8158 /* Login */,
				CAE424F0224583E9005F8158 /* Posters */,
			);
			path = UI;
			sourceTree = "<group>";
		};
		CAC79C07224526FF007CFD38 /* Data */ = {
			isa = PBXGroup;
			children = (
				CAC57467224633A700593B26 /* Database */,
				CAE424DC224576B6005F8158 /* Models */,
				CAC79C0822452708007CFD38 /* Network */,
				CAC57485224638B300593B26 /* UserDefaultsHelper.swift */,
			);
			path = Data;
			sourceTree = "<group>";
		};
		CAC79C0822452708007CFD38 /* Network */ = {
			isa = PBXGroup;
			children = (
				CAC5747B224636D700593B26 /* Service */,
				CAC79C0922452717007CFD38 /* ApiEndpoint.swift */,
				CAE424E022457CA2005F8158 /* Network.swift */,
			);
			path = Network;
			sourceTree = "<group>";
		};
		CAE424DC224576B6005F8158 /* Models */ = {
			isa = PBXGroup;
			children = (
				CAC5747A224635F200593B26 /* Persistance */,
				CAC57479224635EB00593B26 /* Domain */,
				CAE424E222457DFD005F8158 /* Responses */,
				CAE424DD224576DF005F8158 /* Requests */,
			);
			path = Models;
			sourceTree = "<group>";
		};
		CAE424DD224576DF005F8158 /* Requests */ = {
			isa = PBXGroup;
			children = (
				CAE424DE224576F4005F8158 /* LoginRequest.swift */,
			);
			path = Requests;
			sourceTree = "<group>";
		};
		CAE424E222457DFD005F8158 /* Responses */ = {
			isa = PBXGroup;
			children = (
				CAC5748722463BA900593B26 /* TokenResponse.swift */,
				CAC5748922463C2000593B26 /* BaseResponse.swift */,
			);
			path = Responses;
			sourceTree = "<group>";
		};
		CAE424E52245821D005F8158 /* DI */ = {
			isa = PBXGroup;
			children = (
				CAE424E72245826C005F8158 /* SingletonContainer.swift */,
				CAE424E62245826B005F8158 /* ViewModelContainter.swift */,
				CAE424E82245826C005F8158 /* ViewControllerContainer.swift */,
			);
			path = DI;
			sourceTree = "<group>";
		};
		CAE424F0224583E9005F8158 /* Posters */ = {
			isa = PBXGroup;
			children = (
				CAC79BEF2244CC0B007CFD38 /* SwipeVC.swift */,
				CAC79BF02244CC0B007CFD38 /* SwipeVC.xib */,
			);
			path = Posters;
			sourceTree = "<group>";
		};
		CAE424F1224583FC005F8158 /* Login */ = {
			isa = PBXGroup;
			children = (
				CAE424EC224583CB005F8158 /* LoginVC.swift */,
				CAE424ED224583CB005F8158 /* LoginVC.xib */,
				CAC574622246329900593B26 /* LoginVM.swift */,
			);
			path = Login;
			sourceTree = "<group>";
		};
		CAE424F222458416005F8158 /* Common */ = {
			isa = PBXGroup;
			children = (
				CAC574762246348800593B26 /* Extensions */,
				CAE4250122458530005F8158 /* Enums */,
				CAE424F422458494005F8158 /* Protocols */,
				CAE424F32245848B005F8158 /* Base */,
			);
			path = Common;
			sourceTree = "<group>";
		};
		CAE424F32245848B005F8158 /* Base */ = {
			isa = PBXGroup;
			children = (
				CAC5747F2246371000593B26 /* BaseService.swift */,
				CAC5747E2246371000593B26 /* BaseStorage.swift */,
				CAE424F5224584B3005F8158 /* BaseViewController.swift */,
			);
			path = Base;
			sourceTree = "<group>";
		};
		CAE424F422458494005F8158 /* Protocols */ = {
			isa = PBXGroup;
			children = (
				CAE424FB224584E8005F8158 /* DomainData.swift */,
				CAE424FA224584E8005F8158 /* Persistable.swift */,
				CAE424F8224584E7005F8158 /* ReusableCell.swift */,
				CAE424F9224584E7005F8158 /* ViewModelType.swift */,
			);
			path = Protocols;
			sourceTree = "<group>";
		};
		CAE4250122458530005F8158 /* Enums */ = {
			isa = PBXGroup;
			children = (
				CAC574772246351700593B26 /* Screen.swift */,
				CAE4250222458563005F8158 /* UIResult.swift */,
			);
			path = Enums;
			sourceTree = "<group>";
		};
/* End PBXGroup section */

/* Begin PBXNativeTarget section */
		CA59D1522243DB2C0021B1DF /* MovieBrowser */ = {
			isa = PBXNativeTarget;
			buildConfigurationList = CA59D17B2243DB2E0021B1DF /* Build configuration list for PBXNativeTarget "MovieBrowser" */;
			buildPhases = (
				FE82A96A8754F6EAE0B0C6A0 /* [CP] Check Pods Manifest.lock */,
				CA59D14F2243DB2C0021B1DF /* Sources */,
				CA59D1502243DB2C0021B1DF /* Frameworks */,
				CA59D1512243DB2C0021B1DF /* Resources */,
				2D3FD76111ED43023F063517 /* [CP] Embed Pods Frameworks */,
			);
			buildRules = (
			);
			dependencies = (
			);
			name = MovieBrowser;
			productName = MovieBrowser;
			productReference = CA59D1532243DB2C0021B1DF /* MovieBrowser.app */;
			productType = "com.apple.product-type.application";
		};
		CA59D1662243DB2E0021B1DF /* MovieBrowserTests */ = {
			isa = PBXNativeTarget;
			buildConfigurationList = CA59D17E2243DB2E0021B1DF /* Build configuration list for PBXNativeTarget "MovieBrowserTests" */;
			buildPhases = (
				A5598364A4487598A94BB44C /* [CP] Check Pods Manifest.lock */,
				CA59D1632243DB2E0021B1DF /* Sources */,
				CA59D1642243DB2E0021B1DF /* Frameworks */,
				CA59D1652243DB2E0021B1DF /* Resources */,
			);
			buildRules = (
			);
			dependencies = (
				CA59D1692243DB2E0021B1DF /* PBXTargetDependency */,
			);
			name = MovieBrowserTests;
			productName = MovieBrowserTests;
			productReference = CA59D1672243DB2E0021B1DF /* MovieBrowserTests.xctest */;
			productType = "com.apple.product-type.bundle.unit-test";
		};
		CA59D1712243DB2E0021B1DF /* MovieBrowserUITests */ = {
			isa = PBXNativeTarget;
			buildConfigurationList = CA59D1812243DB2E0021B1DF /* Build configuration list for PBXNativeTarget "MovieBrowserUITests" */;
			buildPhases = (
				6F2814EF5B2D0259BA6A8A3A /* [CP] Check Pods Manifest.lock */,
				CA59D16E2243DB2E0021B1DF /* Sources */,
				CA59D16F2243DB2E0021B1DF /* Frameworks */,
				CA59D1702243DB2E0021B1DF /* Resources */,
			);
			buildRules = (
			);
			dependencies = (
				CA59D1742243DB2E0021B1DF /* PBXTargetDependency */,
			);
			name = MovieBrowserUITests;
			productName = MovieBrowserUITests;
			productReference = CA59D1722243DB2E0021B1DF /* MovieBrowserUITests.xctest */;
			productType = "com.apple.product-type.bundle.ui-testing";
		};
/* End PBXNativeTarget section */

/* Begin PBXProject section */
		CA59D14B2243DB2C0021B1DF /* Project object */ = {
			isa = PBXProject;
			attributes = {
				LastSwiftUpdateCheck = 1010;
				LastUpgradeCheck = 1010;
				ORGANIZATIONNAME = Novak;
				TargetAttributes = {
					CA59D1522243DB2C0021B1DF = {
						CreatedOnToolsVersion = 10.1;
					};
					CA59D1662243DB2E0021B1DF = {
						CreatedOnToolsVersion = 10.1;
						TestTargetID = CA59D1522243DB2C0021B1DF;
					};
					CA59D1712243DB2E0021B1DF = {
						CreatedOnToolsVersion = 10.1;
						TestTargetID = CA59D1522243DB2C0021B1DF;
					};
				};
			};
			buildConfigurationList = CA59D14E2243DB2C0021B1DF /* Build configuration list for PBXProject "MovieBrowser" */;
			compatibilityVersion = "Xcode 9.3";
			developmentRegion = en;
			hasScannedForEncodings = 0;
			knownRegions = (
				en,
				Base,
			);
			mainGroup = CA59D14A2243DB2C0021B1DF;
			productRefGroup = CA59D1542243DB2C0021B1DF /* Products */;
			projectDirPath = "";
			projectRoot = "";
			targets = (
				CA59D1522243DB2C0021B1DF /* MovieBrowser */,
				CA59D1662243DB2E0021B1DF /* MovieBrowserTests */,
				CA59D1712243DB2E0021B1DF /* MovieBrowserUITests */,
			);
		};
/* End PBXProject section */

/* Begin PBXResourcesBuildPhase section */
		CA59D1512243DB2C0021B1DF /* Resources */ = {
			isa = PBXResourcesBuildPhase;
			buildActionMask = 2147483647;
			files = (
				CAE424EF224583CB005F8158 /* LoginVC.xib in Resources */,
				CAC79BFE2244FD95007CFD38 /* MovieSlide.xib in Resources */,
				CAC79C0C2245296C007CFD38 /* Keys.plist in Resources */,
				CAC79BF22244CC0B007CFD38 /* SwipeVC.xib in Resources */,
				CA59D1612243DB2E0021B1DF /* LaunchScreen.storyboard in Resources */,
				CA59D15E2243DB2E0021B1DF /* Assets.xcassets in Resources */,
			);
			runOnlyForDeploymentPostprocessing = 0;
		};
		CA59D1652243DB2E0021B1DF /* Resources */ = {
			isa = PBXResourcesBuildPhase;
			buildActionMask = 2147483647;
			files = (
			);
			runOnlyForDeploymentPostprocessing = 0;
		};
		CA59D1702243DB2E0021B1DF /* Resources */ = {
			isa = PBXResourcesBuildPhase;
			buildActionMask = 2147483647;
			files = (
			);
			runOnlyForDeploymentPostprocessing = 0;
		};
/* End PBXResourcesBuildPhase section */

/* Begin PBXShellScriptBuildPhase section */
		2D3FD76111ED43023F063517 /* [CP] Embed Pods Frameworks */ = {
			isa = PBXShellScriptBuildPhase;
			buildActionMask = 2147483647;
			files = (
			);
			inputFileListPaths = (
			);
			inputPaths = (
				"${PODS_ROOT}/Target Support Files/Pods-MovieBrowser/Pods-MovieBrowser-frameworks.sh",
				"${BUILT_PRODUCTS_DIR}/Alamofire/Alamofire.framework",
				"${BUILT_PRODUCTS_DIR}/AlamofireNetworkActivityLogger/AlamofireNetworkActivityLogger.framework",
				"${BUILT_PRODUCTS_DIR}/Differentiator/Differentiator.framework",
				"${BUILT_PRODUCTS_DIR}/Kingfisher/Kingfisher.framework",
				"${BUILT_PRODUCTS_DIR}/Loaf/Loaf.framework",
				"${BUILT_PRODUCTS_DIR}/MBProgressHUD/MBProgressHUD.framework",
				"${BUILT_PRODUCTS_DIR}/Moya/Moya.framework",
				"${BUILT_PRODUCTS_DIR}/Realm/Realm.framework",
				"${BUILT_PRODUCTS_DIR}/RealmSwift/RealmSwift.framework",
				"${BUILT_PRODUCTS_DIR}/Result/Result.framework",
				"${BUILT_PRODUCTS_DIR}/RxCocoa/RxCocoa.framework",
				"${BUILT_PRODUCTS_DIR}/RxDataSources/RxDataSources.framework",
				"${BUILT_PRODUCTS_DIR}/RxKingfisher/RxKingfisher.framework",
				"${BUILT_PRODUCTS_DIR}/RxRealm/RxRealm.framework",
				"${BUILT_PRODUCTS_DIR}/RxSwift/RxSwift.framework",
				"${BUILT_PRODUCTS_DIR}/Swinject/Swinject.framework",
				"${BUILT_PRODUCTS_DIR}/TPKeyboardAvoiding/TPKeyboardAvoiding.framework",
			);
			name = "[CP] Embed Pods Frameworks";
			outputFileListPaths = (
			);
			outputPaths = (
				"${TARGET_BUILD_DIR}/${FRAMEWORKS_FOLDER_PATH}/Alamofire.framework",
				"${TARGET_BUILD_DIR}/${FRAMEWORKS_FOLDER_PATH}/AlamofireNetworkActivityLogger.framework",
				"${TARGET_BUILD_DIR}/${FRAMEWORKS_FOLDER_PATH}/Differentiator.framework",
				"${TARGET_BUILD_DIR}/${FRAMEWORKS_FOLDER_PATH}/Kingfisher.framework",
				"${TARGET_BUILD_DIR}/${FRAMEWORKS_FOLDER_PATH}/Loaf.framework",
				"${TARGET_BUILD_DIR}/${FRAMEWORKS_FOLDER_PATH}/MBProgressHUD.framework",
				"${TARGET_BUILD_DIR}/${FRAMEWORKS_FOLDER_PATH}/Moya.framework",
				"${TARGET_BUILD_DIR}/${FRAMEWORKS_FOLDER_PATH}/Realm.framework",
				"${TARGET_BUILD_DIR}/${FRAMEWORKS_FOLDER_PATH}/RealmSwift.framework",
				"${TARGET_BUILD_DIR}/${FRAMEWORKS_FOLDER_PATH}/Result.framework",
				"${TARGET_BUILD_DIR}/${FRAMEWORKS_FOLDER_PATH}/RxCocoa.framework",
				"${TARGET_BUILD_DIR}/${FRAMEWORKS_FOLDER_PATH}/RxDataSources.framework",
				"${TARGET_BUILD_DIR}/${FRAMEWORKS_FOLDER_PATH}/RxKingfisher.framework",
				"${TARGET_BUILD_DIR}/${FRAMEWORKS_FOLDER_PATH}/RxRealm.framework",
				"${TARGET_BUILD_DIR}/${FRAMEWORKS_FOLDER_PATH}/RxSwift.framework",
				"${TARGET_BUILD_DIR}/${FRAMEWORKS_FOLDER_PATH}/Swinject.framework",
				"${TARGET_BUILD_DIR}/${FRAMEWORKS_FOLDER_PATH}/TPKeyboardAvoiding.framework",
			);
			runOnlyForDeploymentPostprocessing = 0;
			shellPath = /bin/sh;
			shellScript = "\"${PODS_ROOT}/Target Support Files/Pods-MovieBrowser/Pods-MovieBrowser-frameworks.sh\"\n";
			showEnvVarsInLog = 0;
		};
		6F2814EF5B2D0259BA6A8A3A /* [CP] Check Pods Manifest.lock */ = {
			isa = PBXShellScriptBuildPhase;
			buildActionMask = 2147483647;
			files = (
			);
			inputFileListPaths = (
			);
			inputPaths = (
				"${PODS_PODFILE_DIR_PATH}/Podfile.lock",
				"${PODS_ROOT}/Manifest.lock",
			);
			name = "[CP] Check Pods Manifest.lock";
			outputFileListPaths = (
			);
			outputPaths = (
				"$(DERIVED_FILE_DIR)/Pods-MovieBrowserUITests-checkManifestLockResult.txt",
			);
			runOnlyForDeploymentPostprocessing = 0;
			shellPath = /bin/sh;
			shellScript = "diff \"${PODS_PODFILE_DIR_PATH}/Podfile.lock\" \"${PODS_ROOT}/Manifest.lock\" > /dev/null\nif [ $? != 0 ] ; then\n    # print error to STDERR\n    echo \"error: The sandbox is not in sync with the Podfile.lock. Run 'pod install' or update your CocoaPods installation.\" >&2\n    exit 1\nfi\n# This output is used by Xcode 'outputs' to avoid re-running this script phase.\necho \"SUCCESS\" > \"${SCRIPT_OUTPUT_FILE_0}\"\n";
			showEnvVarsInLog = 0;
		};
		A5598364A4487598A94BB44C /* [CP] Check Pods Manifest.lock */ = {
			isa = PBXShellScriptBuildPhase;
			buildActionMask = 2147483647;
			files = (
			);
			inputFileListPaths = (
			);
			inputPaths = (
				"${PODS_PODFILE_DIR_PATH}/Podfile.lock",
				"${PODS_ROOT}/Manifest.lock",
			);
			name = "[CP] Check Pods Manifest.lock";
			outputFileListPaths = (
			);
			outputPaths = (
				"$(DERIVED_FILE_DIR)/Pods-MovieBrowserTests-checkManifestLockResult.txt",
			);
			runOnlyForDeploymentPostprocessing = 0;
			shellPath = /bin/sh;
			shellScript = "diff \"${PODS_PODFILE_DIR_PATH}/Podfile.lock\" \"${PODS_ROOT}/Manifest.lock\" > /dev/null\nif [ $? != 0 ] ; then\n    # print error to STDERR\n    echo \"error: The sandbox is not in sync with the Podfile.lock. Run 'pod install' or update your CocoaPods installation.\" >&2\n    exit 1\nfi\n# This output is used by Xcode 'outputs' to avoid re-running this script phase.\necho \"SUCCESS\" > \"${SCRIPT_OUTPUT_FILE_0}\"\n";
			showEnvVarsInLog = 0;
		};
		FE82A96A8754F6EAE0B0C6A0 /* [CP] Check Pods Manifest.lock */ = {
			isa = PBXShellScriptBuildPhase;
			buildActionMask = 2147483647;
			files = (
			);
			inputFileListPaths = (
			);
			inputPaths = (
				"${PODS_PODFILE_DIR_PATH}/Podfile.lock",
				"${PODS_ROOT}/Manifest.lock",
			);
			name = "[CP] Check Pods Manifest.lock";
			outputFileListPaths = (
			);
			outputPaths = (
				"$(DERIVED_FILE_DIR)/Pods-MovieBrowser-checkManifestLockResult.txt",
			);
			runOnlyForDeploymentPostprocessing = 0;
			shellPath = /bin/sh;
			shellScript = "diff \"${PODS_PODFILE_DIR_PATH}/Podfile.lock\" \"${PODS_ROOT}/Manifest.lock\" > /dev/null\nif [ $? != 0 ] ; then\n    # print error to STDERR\n    echo \"error: The sandbox is not in sync with the Podfile.lock. Run 'pod install' or update your CocoaPods installation.\" >&2\n    exit 1\nfi\n# This output is used by Xcode 'outputs' to avoid re-running this script phase.\necho \"SUCCESS\" > \"${SCRIPT_OUTPUT_FILE_0}\"\n";
			showEnvVarsInLog = 0;
		};
/* End PBXShellScriptBuildPhase section */

/* Begin PBXSourcesBuildPhase section */
		CA59D14F2243DB2C0021B1DF /* Sources */ = {
			isa = PBXSourcesBuildPhase;
			buildActionMask = 2147483647;
			files = (
				CAE424FF224584E8005F8158 /* Persistable.swift in Sources */,
				CAC574662246333200593B26 /* AuthRepository.swift in Sources */,
				CAE424FD224584E8005F8158 /* ReusableCell.swift in Sources */,
				CA59D1572243DB2C0021B1DF /* AppDelegate.swift in Sources */,
				CAC574782246351700593B26 /* Screen.swift in Sources */,
				CAC574722246346300593B26 /* RxExtensions.swift in Sources */,
				CAC5748822463BA900593B26 /* TokenResponse.swift in Sources */,
				CAC79C0222451C8C007CFD38 /* Colors.swift in Sources */,
				CAC57469224633CA00593B26 /* DatabaseManager.swift in Sources */,
				CAC574732246346300593B26 /* TableViewExtensions.swift in Sources */,
				CAE424E122457CA2005F8158 /* Network.swift in Sources */,
				CAC5747D224636EC00593B26 /* AuthService.swift in Sources */,
				CAC79BFC2244FD20007CFD38 /* MovieSlide.swift in Sources */,
				CAE42500224584E8005F8158 /* DomainData.swift in Sources */,
				CAE424F6224584B3005F8158 /* BaseViewController.swift in Sources */,
				CAC574752246346300593B26 /* ViewControllerExtensions.swift in Sources */,
				CAC574712246346300593B26 /* RealmExtensions.swift in Sources */,
				CAE4250322458563005F8158 /* UIResult.swift in Sources */,
				CAC57486224638B300593B26 /* UserDefaultsHelper.swift in Sources */,
				CAE424EA2245826C005F8158 /* SingletonContainer.swift in Sources */,
				CAC574842246374800593B26 /* AuthStorage.swift in Sources */,
				CAE424EB2245826C005F8158 /* ViewControllerContainer.swift in Sources */,
				CAE424FE224584E8005F8158 /* ViewModelType.swift in Sources */,
				CAC574632246329900593B26 /* LoginVM.swift in Sources */,
				CAC5748A22463C2000593B26 /* BaseResponse.swift in Sources */,
				CAE424E92245826C005F8158 /* ViewModelContainter.swift in Sources */,
				CAC79BF12244CC0B007CFD38 /* SwipeVC.swift in Sources */,
				CAE424EE224583CB005F8158 /* LoginVC.swift in Sources */,
				CAC574742246346300593B26 /* StringExtensions.swift in Sources */,
				CAC574812246371000593B26 /* BaseService.swift in Sources */,
				CAC574802246371000593B26 /* BaseStorage.swift in Sources */,
				CAC79C0022451C5E007CFD38 /* Constants.swift in Sources */,
				CAE424DF224576F4005F8158 /* LoginRequest.swift in Sources */,
				CAC79C0A22452717007CFD38 /* ApiEndpoint.swift in Sources */,
			);
			runOnlyForDeploymentPostprocessing = 0;
		};
		CA59D1632243DB2E0021B1DF /* Sources */ = {
			isa = PBXSourcesBuildPhase;
			buildActionMask = 2147483647;
			files = (
				CA59D16C2243DB2E0021B1DF /* MovieBrowserTests.swift in Sources */,
			);
			runOnlyForDeploymentPostprocessing = 0;
		};
		CA59D16E2243DB2E0021B1DF /* Sources */ = {
			isa = PBXSourcesBuildPhase;
			buildActionMask = 2147483647;
			files = (
				CA59D1772243DB2E0021B1DF /* MovieBrowserUITests.swift in Sources */,
			);
			runOnlyForDeploymentPostprocessing = 0;
		};
/* End PBXSourcesBuildPhase section */

/* Begin PBXTargetDependency section */
		CA59D1692243DB2E0021B1DF /* PBXTargetDependency */ = {
			isa = PBXTargetDependency;
			target = CA59D1522243DB2C0021B1DF /* MovieBrowser */;
			targetProxy = CA59D1682243DB2E0021B1DF /* PBXContainerItemProxy */;
		};
		CA59D1742243DB2E0021B1DF /* PBXTargetDependency */ = {
			isa = PBXTargetDependency;
			target = CA59D1522243DB2C0021B1DF /* MovieBrowser */;
			targetProxy = CA59D1732243DB2E0021B1DF /* PBXContainerItemProxy */;
		};
/* End PBXTargetDependency section */

/* Begin PBXVariantGroup section */
		CA59D15F2243DB2E0021B1DF /* LaunchScreen.storyboard */ = {
			isa = PBXVariantGroup;
			children = (
				CA59D1602243DB2E0021B1DF /* Base */,
			);
			name = LaunchScreen.storyboard;
			sourceTree = "<group>";
		};
/* End PBXVariantGroup section */

/* Begin XCBuildConfiguration section */
		CA59D1792243DB2E0021B1DF /* Debug */ = {
			isa = XCBuildConfiguration;
			buildSettings = {
				ALWAYS_SEARCH_USER_PATHS = NO;
				CLANG_ANALYZER_NONNULL = YES;
				CLANG_ANALYZER_NUMBER_OBJECT_CONVERSION = YES_AGGRESSIVE;
				CLANG_CXX_LANGUAGE_STANDARD = "gnu++14";
				CLANG_CXX_LIBRARY = "libc++";
				CLANG_ENABLE_MODULES = YES;
				CLANG_ENABLE_OBJC_ARC = YES;
				CLANG_ENABLE_OBJC_WEAK = YES;
				CLANG_WARN_BLOCK_CAPTURE_AUTORELEASING = YES;
				CLANG_WARN_BOOL_CONVERSION = YES;
				CLANG_WARN_COMMA = YES;
				CLANG_WARN_CONSTANT_CONVERSION = YES;
				CLANG_WARN_DEPRECATED_OBJC_IMPLEMENTATIONS = YES;
				CLANG_WARN_DIRECT_OBJC_ISA_USAGE = YES_ERROR;
				CLANG_WARN_DOCUMENTATION_COMMENTS = YES;
				CLANG_WARN_EMPTY_BODY = YES;
				CLANG_WARN_ENUM_CONVERSION = YES;
				CLANG_WARN_INFINITE_RECURSION = YES;
				CLANG_WARN_INT_CONVERSION = YES;
				CLANG_WARN_NON_LITERAL_NULL_CONVERSION = YES;
				CLANG_WARN_OBJC_IMPLICIT_RETAIN_SELF = YES;
				CLANG_WARN_OBJC_LITERAL_CONVERSION = YES;
				CLANG_WARN_OBJC_ROOT_CLASS = YES_ERROR;
				CLANG_WARN_RANGE_LOOP_ANALYSIS = YES;
				CLANG_WARN_STRICT_PROTOTYPES = YES;
				CLANG_WARN_SUSPICIOUS_MOVE = YES;
				CLANG_WARN_UNGUARDED_AVAILABILITY = YES_AGGRESSIVE;
				CLANG_WARN_UNREACHABLE_CODE = YES;
				CLANG_WARN__DUPLICATE_METHOD_MATCH = YES;
				CODE_SIGN_IDENTITY = "iPhone Developer";
				COPY_PHASE_STRIP = NO;
				DEBUG_INFORMATION_FORMAT = dwarf;
				ENABLE_STRICT_OBJC_MSGSEND = YES;
				ENABLE_TESTABILITY = YES;
				GCC_C_LANGUAGE_STANDARD = gnu11;
				GCC_DYNAMIC_NO_PIC = NO;
				GCC_NO_COMMON_BLOCKS = YES;
				GCC_OPTIMIZATION_LEVEL = 0;
				GCC_PREPROCESSOR_DEFINITIONS = (
					"DEBUG=1",
					"$(inherited)",
				);
				GCC_WARN_64_TO_32_BIT_CONVERSION = YES;
				GCC_WARN_ABOUT_RETURN_TYPE = YES_ERROR;
				GCC_WARN_UNDECLARED_SELECTOR = YES;
				GCC_WARN_UNINITIALIZED_AUTOS = YES_AGGRESSIVE;
				GCC_WARN_UNUSED_FUNCTION = YES;
				GCC_WARN_UNUSED_VARIABLE = YES;
				IPHONEOS_DEPLOYMENT_TARGET = 12.1;
				MTL_ENABLE_DEBUG_INFO = INCLUDE_SOURCE;
				MTL_FAST_MATH = YES;
				ONLY_ACTIVE_ARCH = YES;
				SDKROOT = iphoneos;
				SWIFT_ACTIVE_COMPILATION_CONDITIONS = DEBUG;
				SWIFT_OPTIMIZATION_LEVEL = "-Onone";
			};
			name = Debug;
		};
		CA59D17A2243DB2E0021B1DF /* Release */ = {
			isa = XCBuildConfiguration;
			buildSettings = {
				ALWAYS_SEARCH_USER_PATHS = NO;
				CLANG_ANALYZER_NONNULL = YES;
				CLANG_ANALYZER_NUMBER_OBJECT_CONVERSION = YES_AGGRESSIVE;
				CLANG_CXX_LANGUAGE_STANDARD = "gnu++14";
				CLANG_CXX_LIBRARY = "libc++";
				CLANG_ENABLE_MODULES = YES;
				CLANG_ENABLE_OBJC_ARC = YES;
				CLANG_ENABLE_OBJC_WEAK = YES;
				CLANG_WARN_BLOCK_CAPTURE_AUTORELEASING = YES;
				CLANG_WARN_BOOL_CONVERSION = YES;
				CLANG_WARN_COMMA = YES;
				CLANG_WARN_CONSTANT_CONVERSION = YES;
				CLANG_WARN_DEPRECATED_OBJC_IMPLEMENTATIONS = YES;
				CLANG_WARN_DIRECT_OBJC_ISA_USAGE = YES_ERROR;
				CLANG_WARN_DOCUMENTATION_COMMENTS = YES;
				CLANG_WARN_EMPTY_BODY = YES;
				CLANG_WARN_ENUM_CONVERSION = YES;
				CLANG_WARN_INFINITE_RECURSION = YES;
				CLANG_WARN_INT_CONVERSION = YES;
				CLANG_WARN_NON_LITERAL_NULL_CONVERSION = YES;
				CLANG_WARN_OBJC_IMPLICIT_RETAIN_SELF = YES;
				CLANG_WARN_OBJC_LITERAL_CONVERSION = YES;
				CLANG_WARN_OBJC_ROOT_CLASS = YES_ERROR;
				CLANG_WARN_RANGE_LOOP_ANALYSIS = YES;
				CLANG_WARN_STRICT_PROTOTYPES = YES;
				CLANG_WARN_SUSPICIOUS_MOVE = YES;
				CLANG_WARN_UNGUARDED_AVAILABILITY = YES_AGGRESSIVE;
				CLANG_WARN_UNREACHABLE_CODE = YES;
				CLANG_WARN__DUPLICATE_METHOD_MATCH = YES;
				CODE_SIGN_IDENTITY = "iPhone Developer";
				COPY_PHASE_STRIP = NO;
				DEBUG_INFORMATION_FORMAT = "dwarf-with-dsym";
				ENABLE_NS_ASSERTIONS = NO;
				ENABLE_STRICT_OBJC_MSGSEND = YES;
				GCC_C_LANGUAGE_STANDARD = gnu11;
				GCC_NO_COMMON_BLOCKS = YES;
				GCC_WARN_64_TO_32_BIT_CONVERSION = YES;
				GCC_WARN_ABOUT_RETURN_TYPE = YES_ERROR;
				GCC_WARN_UNDECLARED_SELECTOR = YES;
				GCC_WARN_UNINITIALIZED_AUTOS = YES_AGGRESSIVE;
				GCC_WARN_UNUSED_FUNCTION = YES;
				GCC_WARN_UNUSED_VARIABLE = YES;
				IPHONEOS_DEPLOYMENT_TARGET = 12.1;
				MTL_ENABLE_DEBUG_INFO = NO;
				MTL_FAST_MATH = YES;
				SDKROOT = iphoneos;
				SWIFT_COMPILATION_MODE = wholemodule;
				SWIFT_OPTIMIZATION_LEVEL = "-O";
				VALIDATE_PRODUCT = YES;
			};
			name = Release;
		};
		CA59D17C2243DB2E0021B1DF /* Debug */ = {
			isa = XCBuildConfiguration;
			baseConfigurationReference = A4A9CE6FF246D0B0E298CD34 /* Pods-MovieBrowser.debug.xcconfig */;
			buildSettings = {
				ASSETCATALOG_COMPILER_APPICON_NAME = AppIcon;
				CODE_SIGN_STYLE = Automatic;
				DEVELOPMENT_TEAM = 6V3WLL6SMV;
				INFOPLIST_FILE = MovieBrowser/Info.plist;
				LD_RUNPATH_SEARCH_PATHS = (
					"$(inherited)",
					"@executable_path/Frameworks",
				);
				PRODUCT_BUNDLE_IDENTIFIER = Novak.MovieBrowser;
				PRODUCT_NAME = "$(TARGET_NAME)";
				SWIFT_VERSION = 4.2;
				TARGETED_DEVICE_FAMILY = "1,2";
			};
			name = Debug;
		};
		CA59D17D2243DB2E0021B1DF /* Release */ = {
			isa = XCBuildConfiguration;
			baseConfigurationReference = 110D34342134CD54236F7903 /* Pods-MovieBrowser.release.xcconfig */;
			buildSettings = {
				ASSETCATALOG_COMPILER_APPICON_NAME = AppIcon;
				CODE_SIGN_STYLE = Automatic;
				DEVELOPMENT_TEAM = 6V3WLL6SMV;
				INFOPLIST_FILE = MovieBrowser/Info.plist;
				LD_RUNPATH_SEARCH_PATHS = (
					"$(inherited)",
					"@executable_path/Frameworks",
				);
				PRODUCT_BUNDLE_IDENTIFIER = Novak.MovieBrowser;
				PRODUCT_NAME = "$(TARGET_NAME)";
				SWIFT_VERSION = 4.2;
				TARGETED_DEVICE_FAMILY = "1,2";
			};
			name = Release;
		};
		CA59D17F2243DB2E0021B1DF /* Debug */ = {
			isa = XCBuildConfiguration;
			baseConfigurationReference = B6C4EC10AB6EBE5C0D171F07 /* Pods-MovieBrowserTests.debug.xcconfig */;
			buildSettings = {
				ALWAYS_EMBED_SWIFT_STANDARD_LIBRARIES = YES;
				BUNDLE_LOADER = "$(TEST_HOST)";
				CODE_SIGN_STYLE = Automatic;
				DEVELOPMENT_TEAM = 6V3WLL6SMV;
				INFOPLIST_FILE = MovieBrowserTests/Info.plist;
				LD_RUNPATH_SEARCH_PATHS = (
					"$(inherited)",
					"@executable_path/Frameworks",
					"@loader_path/Frameworks",
				);
				PRODUCT_BUNDLE_IDENTIFIER = Novak.MovieBrowserTests;
				PRODUCT_NAME = "$(TARGET_NAME)";
				SWIFT_VERSION = 4.2;
				TARGETED_DEVICE_FAMILY = "1,2";
				TEST_HOST = "$(BUILT_PRODUCTS_DIR)/MovieBrowser.app/MovieBrowser";
			};
			name = Debug;
		};
		CA59D1802243DB2E0021B1DF /* Release */ = {
			isa = XCBuildConfiguration;
			baseConfigurationReference = AEE6DE00E3F0E7B31680DBB6 /* Pods-MovieBrowserTests.release.xcconfig */;
			buildSettings = {
				ALWAYS_EMBED_SWIFT_STANDARD_LIBRARIES = YES;
				BUNDLE_LOADER = "$(TEST_HOST)";
				CODE_SIGN_STYLE = Automatic;
				DEVELOPMENT_TEAM = 6V3WLL6SMV;
				INFOPLIST_FILE = MovieBrowserTests/Info.plist;
				LD_RUNPATH_SEARCH_PATHS = (
					"$(inherited)",
					"@executable_path/Frameworks",
					"@loader_path/Frameworks",
				);
				PRODUCT_BUNDLE_IDENTIFIER = Novak.MovieBrowserTests;
				PRODUCT_NAME = "$(TARGET_NAME)";
				SWIFT_VERSION = 4.2;
				TARGETED_DEVICE_FAMILY = "1,2";
				TEST_HOST = "$(BUILT_PRODUCTS_DIR)/MovieBrowser.app/MovieBrowser";
			};
			name = Release;
		};
		CA59D1822243DB2E0021B1DF /* Debug */ = {
			isa = XCBuildConfiguration;
			baseConfigurationReference = 0FBB80782B1AAACC9984782B /* Pods-MovieBrowserUITests.debug.xcconfig */;
			buildSettings = {
				ALWAYS_EMBED_SWIFT_STANDARD_LIBRARIES = YES;
				CODE_SIGN_STYLE = Automatic;
				DEVELOPMENT_TEAM = 6V3WLL6SMV;
				INFOPLIST_FILE = MovieBrowserUITests/Info.plist;
				LD_RUNPATH_SEARCH_PATHS = (
					"$(inherited)",
					"@executable_path/Frameworks",
					"@loader_path/Frameworks",
				);
				PRODUCT_BUNDLE_IDENTIFIER = Novak.MovieBrowserUITests;
				PRODUCT_NAME = "$(TARGET_NAME)";
				SWIFT_VERSION = 4.2;
				TARGETED_DEVICE_FAMILY = "1,2";
				TEST_TARGET_NAME = MovieBrowser;
			};
			name = Debug;
		};
		CA59D1832243DB2E0021B1DF /* Release */ = {
			isa = XCBuildConfiguration;
			baseConfigurationReference = 694670BDB50FA9E0690BB4DB /* Pods-MovieBrowserUITests.release.xcconfig */;
			buildSettings = {
				ALWAYS_EMBED_SWIFT_STANDARD_LIBRARIES = YES;
				CODE_SIGN_STYLE = Automatic;
				DEVELOPMENT_TEAM = 6V3WLL6SMV;
				INFOPLIST_FILE = MovieBrowserUITests/Info.plist;
				LD_RUNPATH_SEARCH_PATHS = (
					"$(inherited)",
					"@executable_path/Frameworks",
					"@loader_path/Frameworks",
				);
				PRODUCT_BUNDLE_IDENTIFIER = Novak.MovieBrowserUITests;
				PRODUCT_NAME = "$(TARGET_NAME)";
				SWIFT_VERSION = 4.2;
				TARGETED_DEVICE_FAMILY = "1,2";
				TEST_TARGET_NAME = MovieBrowser;
			};
			name = Release;
		};
/* End XCBuildConfiguration section */

/* Begin XCConfigurationList section */
		CA59D14E2243DB2C0021B1DF /* Build configuration list for PBXProject "MovieBrowser" */ = {
			isa = XCConfigurationList;
			buildConfigurations = (
				CA59D1792243DB2E0021B1DF /* Debug */,
				CA59D17A2243DB2E0021B1DF /* Release */,
			);
			defaultConfigurationIsVisible = 0;
			defaultConfigurationName = Release;
		};
		CA59D17B2243DB2E0021B1DF /* Build configuration list for PBXNativeTarget "MovieBrowser" */ = {
			isa = XCConfigurationList;
			buildConfigurations = (
				CA59D17C2243DB2E0021B1DF /* Debug */,
				CA59D17D2243DB2E0021B1DF /* Release */,
			);
			defaultConfigurationIsVisible = 0;
			defaultConfigurationName = Release;
		};
		CA59D17E2243DB2E0021B1DF /* Build configuration list for PBXNativeTarget "MovieBrowserTests" */ = {
			isa = XCConfigurationList;
			buildConfigurations = (
				CA59D17F2243DB2E0021B1DF /* Debug */,
				CA59D1802243DB2E0021B1DF /* Release */,
			);
			defaultConfigurationIsVisible = 0;
			defaultConfigurationName = Release;
		};
		CA59D1812243DB2E0021B1DF /* Build configuration list for PBXNativeTarget "MovieBrowserUITests" */ = {
			isa = XCConfigurationList;
			buildConfigurations = (
				CA59D1822243DB2E0021B1DF /* Debug */,
				CA59D1832243DB2E0021B1DF /* Release */,
			);
			defaultConfigurationIsVisible = 0;
			defaultConfigurationName = Release;
		};
/* End XCConfigurationList section */
	};
	rootObject = CA59D14B2243DB2C0021B1DF /* Project object */;
}
